# THIS IS AN AUTOGENERATED FILE. DO NOT EDIT THIS FILE DIRECTLY.
# yarn lockfile v1


camelcase@^5.0.0:
  version "5.3.1"
  resolved "https://registry.yarnpkg.com/camelcase/-/camelcase-5.3.1.tgz#e3c9b31569e106811df242f715725a1f4c494320"
  integrity sha512-L28STB170nwWS63UjtlEOE3dldQApaJXZkOI1uMFfzf3rRuPegHaHesyee+YxQ+W6SvRDQV6UrdOdRiR153wJg==

react-icons@^3.7.0:
  version "3.7.0"
  resolved "https://registry.yarnpkg.com/react-icons/-/react-icons-3.7.0.tgz#64fe46231fabfeea27895edeae6c3b78114b8c8f"
  integrity sha512-7MyPwjIhuyW0D2N3s4DEd0hGPGFf0sK+IIRKhc1FvSpZNVmnUoGvHbmAwzGJU+3my+fvihVWgwU5SDtlAri56Q==
  dependencies:
    camelcase "^5.0.0"
